
Microsoft Visual Studio Solution File, Format Version 12.00
# Visual Studio Version 16
VisualStudioVersion = 16.0.31005.135
MinimumVisualStudioVersion = 10.0.40219.1
Project("{9A19103F-16F7-4668-BE54-9A1E7A4F7556}") = "Anagram.Lib", "Anagram.Lib\Anagram.Lib.csproj", "{5748284D-152F-4701-A25B-C71DBC39C020}"
EndProject
Project("{9A19103F-16F7-4668-BE54-9A1E7A4F7556}") = "Anagram.UnitTests", "Anagram.UnitTests\Anagram.UnitTests.csproj", "{2AF3790A-DFBB-4FC1-91C8-56303B1F46CE}"
EndProject
Project("{9A19103F-16F7-4668-BE54-9A1E7A4F7556}") = "ExpressionEvaluator.Lib", "ExpressionEvaluator.Lib\ExpressionEvaluator.Lib.csproj", "{55B280E3-CE74-4387-AF8A-77C99E2028C5}"
EndProject
Project("{9A19103F-16F7-4668-BE54-9A1E7A4F7556}") = "ExpressionEvaluator.UnitTests", "ExpressionEvaluator.UnitTests\ExpressionEvaluator.UnitTests.csproj", "{B06CBD98-9324-468E-AA13-9AADD9878DD9}"
EndProject
Project("{FAE04EC0-301F-11D3-BF4B-00C04F79EFBC}") = "LinksExtractor.Lib", "LinksExtractor.Lib\LinksExtractor.Lib.csproj", "{8022CBF0-AF4F-4E51-911A-BAEFD5378497}"
EndProject
Project("{9A19103F-16F7-4668-BE54-9A1E7A4F7556}") = "LinksExtractor.IntegrationTests", "LinksExtractor.IntegrationTests\LinksExtractor.IntegrationTests.csproj", "{B2E2A241-D719-4F63-AA97-0F7729F7ACFD}"
EndProject
Global
	GlobalSection(SolutionConfigurationPlatforms) = preSolution
		Debug|Any CPU = Debug|Any CPU
		Release|Any CPU = Release|Any CPU
	EndGlobalSection
	GlobalSection(ProjectConfigurationPlatforms) = postSolution
		{5748284D-152F-4701-A25B-C71DBC39C020}.Debug|Any CPU.ActiveCfg = Debug|Any CPU
		{5748284D-152F-4701-A25B-C71DBC39C020}.Debug|Any CPU.Build.0 = Debug|Any CPU
		{5748284D-152F-4701-A25B-C71DBC39C020}.Release|Any CPU.ActiveCfg = Release|Any CPU
		{5748284D-152F-4701-A25B-C71DBC39C020}.Release|Any CPU.Build.0 = Release|Any CPU
		{2AF3790A-DFBB-4FC1-91C8-56303B1F46CE}.Debug|Any CPU.ActiveCfg = Debug|Any CPU
		{2AF3790A-DFBB-4FC1-91C8-56303B1F46CE}.Debug|Any CPU.Build.0 = Debug|Any CPU
		{2AF3790A-DFBB-4FC1-91C8-56303B1F46CE}.Release|Any CPU.ActiveCfg = Release|Any CPU
		{2AF3790A-DFBB-4FC1-91C8-56303B1F46CE}.Release|Any CPU.Build.0 = Release|Any CPU
		{55B280E3-CE74-4387-AF8A-77C99E2028C5}.Debug|Any CPU.ActiveCfg = Debug|Any CPU
		{55B280E3-CE74-4387-AF8A-77C99E2028C5}.Debug|Any CPU.Build.0 = Debug|Any CPU
		{55B280E3-CE74-4387-AF8A-77C99E2028C5}.Release|Any CPU.ActiveCfg = Release|Any CPU
		{55B280E3-CE74-4387-AF8A-77C99E2028C5}.Release|Any CPU.Build.0 = Release|Any CPU
		{B06CBD98-9324-468E-AA13-9AADD9878DD9}.Debug|Any CPU.ActiveCfg = Debug|Any CPU
		{B06CBD98-9324-468E-AA13-9AADD9878DD9}.Debug|Any CPU.Build.0 = Debug|Any CPU
		{B06CBD98-9324-468E-AA13-9AADD9878DD9}.Release|Any CPU.ActiveCfg = Release|Any CPU
		{B06CBD98-9324-468E-AA13-9AADD9878DD9}.Release|Any CPU.Build.0 = Release|Any CPU
		{8022CBF0-AF4F-4E51-911A-BAEFD5378497}.Debug|Any CPU.ActiveCfg = Debug|Any CPU
		{8022CBF0-AF4F-4E51-911A-BAEFD5378497}.Debug|Any CPU.Build.0 = Debug|Any CPU
		{8022CBF0-AF4F-4E51-911A-BAEFD5378497}.Release|Any CPU.ActiveCfg = Release|Any CPU
		{8022CBF0-AF4F-4E51-911A-BAEFD5378497}.Release|Any CPU.Build.0 = Release|Any CPU
		{B2E2A241-D719-4F63-AA97-0F7729F7ACFD}.Debug|Any CPU.ActiveCfg = Debug|Any CPU
		{B2E2A241-D719-4F63-AA97-0F7729F7ACFD}.Debug|Any CPU.Build.0 = Debug|Any CPU
		{B2E2A241-D719-4F63-AA97-0F7729F7ACFD}.Release|Any CPU.ActiveCfg = Release|Any CPU
		{B2E2A241-D719-4F63-AA97-0F7729F7ACFD}.Release|Any CPU.Build.0 = Release|Any CPU
	EndGlobalSection
	GlobalSection(SolutionProperties) = preSolution
		HideSolutionNode = FALSE
	EndGlobalSection
	GlobalSection(ExtensibilityGlobals) = postSolution
		SolutionGuid = {95D7DA14-C9D2-4E12-A284-DA2FD6B862FA}
	EndGlobalSection
EndGlobal
